// !$*UTF8*$!
{
	archiveVersion = 1;
	classes = {
	};
	objectVersion = 46;
	objects = {

/* Begin PBXBuildFile section */
		3F48B3571BF036C900D9F7D4 /* main.m in Sources */ = {isa = PBXBuildFile; fileRef = 3F48B3561BF036C900D9F7D4 /* main.m */; };
		3F48B35A1BF036C900D9F7D4 /* AppDelegate.m in Sources */ = {isa = PBXBuildFile; fileRef = 3F48B3591BF036C900D9F7D4 /* AppDelegate.m */; };
		3F48B35D1BF036C900D9F7D4 /* ViewController.m in Sources */ = {isa = PBXBuildFile; fileRef = 3F48B35C1BF036C900D9F7D4 /* ViewController.m */; };
		3F48B3601BF036C900D9F7D4 /* Main.storyboard in Resources */ = {isa = PBXBuildFile; fileRef = 3F48B35E1BF036C900D9F7D4 /* Main.storyboard */; };
		3F48B3621BF036C900D9F7D4 /* Assets.xcassets in Resources */ = {isa = PBXBuildFile; fileRef = 3F48B3611BF036C900D9F7D4 /* Assets.xcassets */; };
		3F48B3651BF036C900D9F7D4 /* LaunchScreen.storyboard in Resources */ = {isa = PBXBuildFile; fileRef = 3F48B3631BF036C900D9F7D4 /* LaunchScreen.storyboard */; };
		3F48B3701BF036C900D9F7D4 /* githubTests.m in Sources */ = {isa = PBXBuildFile; fileRef = 3F48B36F1BF036C900D9F7D4 /* githubTests.m */; };
		3F48B37B1BF036C900D9F7D4 /* githubUITests.m in Sources */ = {isa = PBXBuildFile; fileRef = 3F48B37A1BF036C900D9F7D4 /* githubUITests.m */; };
/* End PBXBuildFile section */

/* Begin PBXContainerItemProxy section */
		3F48B36C1BF036C900D9F7D4 /* PBXContainerItemProxy */ = {
			isa = PBXContainerItemProxy;
			containerPortal = 3F48B34A1BF036C800D9F7D4 /* Project object */;
			proxyType = 1;
			remoteGlobalIDString = 3F48B3511BF036C900D9F7D4;
			remoteInfo = github;
		};
		3F48B3771BF036C900D9F7D4 /* PBXContainerItemProxy */ = {
			isa = PBXContainerItemProxy;
			containerPortal = 3F48B34A1BF036C800D9F7D4 /* Project object */;
			proxyType = 1;
			remoteGlobalIDString = 3F48B3511BF036C900D9F7D4;
			remoteInfo = github;
		};
/* End PBXContainerItemProxy section */

/* Begin PBXFileReference section */
		3F48B3521BF036C900D9F7D4 /* github.app */ = {isa = PBXFileReference; explicitFileType = wrapper.application; includeInIndex = 0; path = github.app; sourceTree = BUILT_PRODUCTS_DIR; };
		3F48B3561BF036C900D9F7D4 /* main.m */ = {isa = PBXFileReference; lastKnownFileType = sourcecode.c.objc; path = main.m; sourceTree = "<group>"; };
		3F48B3581BF036C900D9F7D4 /* AppDelegate.h */ = {isa = PBXFileReference; lastKnownFileType = sourcecode.c.h; path = AppDelegate.h; sourceTree = "<group>"; };
		3F48B3591BF036C900D9F7D4 /* AppDelegate.m */ = {isa = PBXFileReference; lastKnownFileType = sourcecode.c.objc; path = AppDelegate.m; sourceTree = "<group>"; };
		3F48B35B1BF036C900D9F7D4 /* ViewController.h */ = {isa = PBXFileReference; lastKnownFileType = sourcecode.c.h; path = ViewController.h; sourceTree = "<group>"; };
		3F48B35C1BF036C900D9F7D4 /* ViewController.m */ = {isa = PBXFileReference; lastKnownFileType = sourcecode.c.objc; path = ViewController.m; sourceTree = "<group>"; };
		3F48B35F1BF036C900D9F7D4 /* Base */ = {isa = PBXFileReference; lastKnownFileType = file.storyboard; name = Base; path = Base.lproj/Main.storyboard; sourceTree = "<group>"; };
		3F48B3611BF036C900D9F7D4 /* Assets.xcassets */ = {isa = PBXFileReference; lastKnownFileType = folder.assetcatalog; path = Assets.xcassets; sourceTree = "<group>"; };
		3F48B3641BF036C900D9F7D4 /* Base */ = {isa = PBXFileReference; lastKnownFileType = file.storyboard; name = Base; path = Base.lproj/LaunchScreen.storyboard; sourceTree = "<group>"; };
		3F48B3661BF036C900D9F7D4 /* Info.plist */ = {isa = PBXFileReference; lastKnownFileType = text.plist.xml; path = Info.plist; sourceTree = "<group>"; };
		3F48B36B1BF036C900D9F7D4 /* githubTests.xctest */ = {isa = PBXFileReference; explicitFileType = wrapper.cfbundle; includeInIndex = 0; path = githubTests.xctest; sourceTree = BUILT_PRODUCTS_DIR; };
		3F48B36F1BF036C900D9F7D4 /* githubTests.m */ = {isa = PBXFileReference; lastKnownFileType = sourcecode.c.objc; path = githubTests.m; sourceTree = "<group>"; };
		3F48B3711BF036C900D9F7D4 /* Info.plist */ = {isa = PBXFileReference; lastKnownFileType = text.plist.xml; path = Info.plist; sourceTree = "<group>"; };
		3F48B3761BF036C900D9F7D4 /* githubUITests.xctest */ = {isa = PBXFileReference; explicitFileType = wrapper.cfbundle; includeInIndex = 0; path = githubUITests.xctest; sourceTree = BUILT_PRODUCTS_DIR; };
		3F48B37A1BF036C900D9F7D4 /* githubUITests.m */ = {isa = PBXFileReference; lastKnownFileType = sourcecode.c.objc; path = githubUITests.m; sourceTree = "<group>"; };
		3F48B37C1BF036C900D9F7D4 /* Info.plist */ = {isa = PBXFileReference; lastKnownFileType = text.plist.xml; path = Info.plist; sourceTree = "<group>"; };
/* End PBXFileReference section */

/* Begin PBXFrameworksBuildPhase section */
		3F48B34F1BF036C900D9F7D4 /* Frameworks */ = {
			isa = PBXFrameworksBuildPhase;
			buildActionMask = 2147483647;
			files = (
			);
			runOnlyForDeploymentPostprocessing = 0;
		};
		3F48B3681BF036C900D9F7D4 /* Frameworks */ = {
			isa = PBXFrameworksBuildPhase;
			buildActionMask = 2147483647;
			files = (
			);
			runOnlyForDeploymentPostprocessing = 0;
		};
		3F48B3731BF036C900D9F7D4 /* Frameworks */ = {
			isa = PBXFrameworksBuildPhase;
			buildActionMask = 2147483647;
			files = (
			);
			runOnlyForDeploymentPostprocessing = 0;
		};
/* End PBXFrameworksBuildPhase section */

/* Begin PBXGroup section */
		3F48B3491BF036C800D9F7D4 = {
			isa = PBXGroup;
			children = (
				3F48B3541BF036C900D9F7D4 /* github */,
				3F48B36E1BF036C900D9F7D4 /* githubTests */,
				3F48B3791BF036C900D9F7D4 /* githubUITests */,
				3F48B3531BF036C900D9F7D4 /* Products */,
			);
			sourceTree = "<group>";
		};
		3F48B3531BF036C900D9F7D4 /* Products */ = {
			isa = PBXGroup;
			children = (
				3F48B3521BF036C900D9F7D4 /* github.app */,
				3F48B36B1BF036C900D9F7D4 /* githubTests.xctest */,
				3F48B3761BF036C900D9F7D4 /* githubUITests.xctest */,
			);
			name = Products;
			sourceTree = "<group>";
		};
		3F48B3541BF036C900D9F7D4 /* github */ = {
			isa = PBXGroup;
			children = (
				3F48B3581BF036C900D9F7D4 /* AppDelegate.h */,
				3F48B3591BF036C900D9F7D4 /* AppDelegate.m */,
				3F48B35B1BF036C900D9F7D4 /* ViewController.h */,
				3F48B35C1BF036C900D9F7D4 /* ViewController.m */,
				3F48B35E1BF036C900D9F7D4 /* Main.storyboard */,
				3F48B3611BF036C900D9F7D4 /* Assets.xcassets */,
				3F48B3631BF036C900D9F7D4 /* LaunchScreen.storyboard */,
				3F48B3661BF036C900D9F7D4 /* Info.plist */,
				3F48B3551BF036C900D9F7D4 /* Supporting Files */,
			);
			path = github;
			sourceTree = "<group>";
		};
		3F48B3551BF036C900D9F7D4 /* Supporting Files */ = {
			isa = PBXGroup;
			children = (
				3F48B3561BF036C900D9F7D4 /* main.m */,
			);
			name = "Supporting Files";
			sourceTree = "<group>";
		};
		3F48B36E1BF036C900D9F7D4 /* githubTests */ = {
			isa = PBXGroup;
			children = (
				3F48B36F1BF036C900D9F7D4 /* githubTests.m */,
				3F48B3711BF036C900D9F7D4 /* Info.plist */,
			);
			path = githubTests;
			sourceTree = "<group>";
		};
		3F48B3791BF036C900D9F7D4 /* githubUITests */ = {
			isa = PBXGroup;
			children = (
				3F48B37A1BF036C900D9F7D4 /* githubUITests.m */,
				3F48B37C1BF036C900D9F7D4 /* Info.plist */,
			);
			path = githubUITests;
			sourceTree = "<group>";
		};
/* End PBXGroup section */

/* Begin PBXNativeTarget section */
		3F48B3511BF036C900D9F7D4 /* github */ = {
			isa = PBXNativeTarget;
			buildConfigurationList = 3F48B37F1BF036C900D9F7D4 /* Build configuration list for PBXNativeTarget "github" */;
			buildPhases = (
				3F48B34E1BF036C900D9F7D4 /* Sources */,
				3F48B34F1BF036C900D9F7D4 /* Frameworks */,
				3F48B3501BF036C900D9F7D4 /* Resources */,
			);
			buildRules = (
			);
			dependencies = (
			);
			name = github;
			productName = github;
			productReference = 3F48B3521BF036C900D9F7D4 /* github.app */;
			productType = "com.apple.product-type.application";
		};
		3F48B36A1BF036C900D9F7D4 /* githubTests */ = {
			isa = PBXNativeTarget;
			buildConfigurationList = 3F48B3821BF036C900D9F7D4 /* Build configuration list for PBXNativeTarget "githubTests" */;
			buildPhases = (
				3F48B3671BF036C900D9F7D4 /* Sources */,
				3F48B3681BF036C900D9F7D4 /* Frameworks */,
				3F48B3691BF036C900D9F7D4 /* Resources */,
			);
			buildRules = (
			);
			dependencies = (
				3F48B36D1BF036C900D9F7D4 /* PBXTargetDependency */,
			);
			name = githubTests;
			productName = githubTests;
			productReference = 3F48B36B1BF036C900D9F7D4 /* githubTests.xctest */;
			productType = "com.apple.product-type.bundle.unit-test";
		};
		3F48B3751BF036C900D9F7D4 /* githubUITests */ = {
			isa = PBXNativeTarget;
			buildConfigurationList = 3F48B3851BF036C900D9F7D4 /* Build configuration list for PBXNativeTarget "githubUITests" */;
			buildPhases = (
				3F48B3721BF036C900D9F7D4 /* Sources */,
				3F48B3731BF036C900D9F7D4 /* Frameworks */,
				3F48B3741BF036C900D9F7D4 /* Resources */,
			);
			buildRules = (
			);
			dependencies = (
				3F48B3781BF036C900D9F7D4 /* PBXTargetDependency */,
			);
			name = githubUITests;
			productName = githubUITests;
			productReference = 3F48B3761BF036C900D9F7D4 /* githubUITests.xctest */;
			productType = "com.apple.product-type.bundle.ui-testing";
		};
/* End PBXNativeTarget section */

/* Begin PBXProject section */
		3F48B34A1BF036C800D9F7D4 /* Project object */ = {
			isa = PBXProject;
			attributes = {
				LastUpgradeCheck = 0710;
				ORGANIZATIONNAME = lanou;
				TargetAttributes = {
					3F48B3511BF036C900D9F7D4 = {
						CreatedOnToolsVersion = 7.1;
					};
					3F48B36A1BF036C900D9F7D4 = {
						CreatedOnToolsVersion = 7.1;
						TestTargetID = 3F48B3511BF036C900D9F7D4;
					};
					3F48B3751BF036C900D9F7D4 = {
						CreatedOnToolsVersion = 7.1;
						TestTargetID = 3F48B3511BF036C900D9F7D4;
					};
				};
			};
			buildConfigurationList = 3F48B34D1BF036C800D9F7D4 /* Build configuration list for PBXProject "github" */;
			compatibilityVersion = "Xcode 3.2";
			developmentRegion = English;
			hasScannedForEncodings = 0;
			knownRegions = (
				en,
				Base,
			);
			mainGroup = 3F48B3491BF036C800D9F7D4;
			productRefGroup = 3F48B3531BF036C900D9F7D4 /* Products */;
			projectDirPath = "";
			projectRoot = "";
			targets = (
				3F48B3511BF036C900D9F7D4 /* github */,
				3F48B36A1BF036C900D9F7D4 /* githubTests */,
				3F48B3751BF036C900D9F7D4 /* githubUITests */,
			);
		};
/* End PBXProject section */

/* Begin PBXResourcesBuildPhase section */
		3F48B3501BF036C900D9F7D4 /* Resources */ = {
			isa = PBXResourcesBuildPhase;
			buildActionMask = 2147483647;
			files = (
				3F48B3651BF036C900D9F7D4 /* LaunchScreen.storyboard in Resources */,
				3F48B3621BF036C900D9F7D4 /* Assets.xcassets in Resources */,
				3F48B3601BF036C900D9F7D4 /* Main.storyboard in Resources */,
			);
			runOnlyForDeploymentPostprocessing = 0;
		};
		3F48B3691BF036C900D9F7D4 /* Resources */ = {
			isa = PBXResourcesBuildPhase;
			buildActionMask = 2147483647;
			files = (
			);
			runOnlyForDeploymentPostprocessing = 0;
		};
		3F48B3741BF036C900D9F7D4 /* Resources */ = {
			isa = PBXResourcesBuildPhase;
			buildActionMask = 2147483647;
			files = (
			);
			runOnlyForDeploymentPostprocessing = 0;
		};
/* End PBXResourcesBuildPhase section */

/* Begin PBXSourcesBuildPhase section */
		3F48B34E1BF036C900D9F7D4 /* Sources */ = {
			isa = PBXSourcesBuildPhase;
			buildActionMask = 2147483647;
			files = (
				3F48B35D1BF036C900D9F7D4 /* ViewController.m in Sources */,
				3F48B35A1BF036C900D9F7D4 /* AppDelegate.m in Sources */,
				3F48B3571BF036C900D9F7D4 /* main.m in Sources */,
			);
			runOnlyForDeploymentPostprocessing = 0;
		};
		3F48B3671BF036C900D9F7D4 /* Sources */ = {
			isa = PBXSourcesBuildPhase;
			buildActionMask = 2147483647;
			files = (
				3F48B3701BF036C900D9F7D4 /* githubTests.m in Sources */,
			);
			runOnlyForDeploymentPostprocessing = 0;
		};
		3F48B3721BF036C900D9F7D4 /* Sources */ = {
			isa = PBXSourcesBuildPhase;
			buildActionMask = 2147483647;
			files = (
				3F48B37B1BF036C900D9F7D4 /* githubUITests.m in Sources */,
			);
			runOnlyForDeploymentPostprocessing = 0;
		};
/* End PBXSourcesBuildPhase section */

/* Begin PBXTargetDependency section */
		3F48B36D1BF036C900D9F7D4 /* PBXTargetDependency */ = {
			isa = PBXTargetDependency;
			target = 3F48B3511BF036C900D9F7D4 /* github */;
			targetProxy = 3F48B36C1BF036C900D9F7D4 /* PBXContainerItemProxy */;
		};
		3F48B3781BF036C900D9F7D4 /* PBXTargetDependency */ = {
			isa = PBXTargetDependency;
			target = 3F48B3511BF036C900D9F7D4 /* github */;
			targetProxy = 3F48B3771BF036C900D9F7D4 /* PBXContainerItemProxy */;
		};
/* End PBXTargetDependency section */

/* Begin PBXVariantGroup section */
		3F48B35E1BF036C900D9F7D4 /* Main.storyboard */ = {
			isa = PBXVariantGroup;
			children = (
				3F48B35F1BF036C900D9F7D4 /* Base */,
			);
			name = Main.storyboard;
			sourceTree = "<group>";
		};
		3F48B3631BF036C900D9F7D4 /* LaunchScreen.storyboard */ = {
			isa = PBXVariantGroup;
			children = (
				3F48B3641BF036C900D9F7D4 /* Base */,
			);
			name = LaunchScreen.storyboard;
			sourceTree = "<group>";
		};
/* End PBXVariantGroup section */

/* Begin XCBuildConfiguration section */
		3F48B37D1BF036C900D9F7D4 /* Debug */ = {
			isa = XCBuildConfiguration;
			buildSettings = {
				ALWAYS_SEARCH_USER_PATHS = NO;
				CLANG_CXX_LANGUAGE_STANDARD = "gnu++0x";
				CLANG_CXX_LIBRARY = "libc++";
				CLANG_ENABLE_MODULES = YES;
				CLANG_ENABLE_OBJC_ARC = YES;
				CLANG_WARN_BOOL_CONVERSION = YES;
				CLANG_WARN_CONSTANT_CONVERSION = YES;
				CLANG_WARN_DIRECT_OBJC_ISA_USAGE = YES_ERROR;
				CLANG_WARN_EMPTY_BODY = YES;
				CLANG_WARN_ENUM_CONVERSION = YES;
				CLANG_WARN_INT_CONVERSION = YES;
				CLANG_WARN_OBJC_ROOT_CLASS = YES_ERROR;
				CLANG_WARN_UNREACHABLE_CODE = YES;
				CLANG_WARN__DUPLICATE_METHOD_MATCH = YES;
				"CODE_SIGN_IDENTITY[sdk=iphoneos*]" = "iPhone Developer";
				COPY_PHASE_STRIP = NO;
				DEBUG_INFORMATION_FORMAT = dwarf;
				ENABLE_STRICT_OBJC_MSGSEND = YES;
				ENABLE_TESTABILITY = YES;
				GCC_C_LANGUAGE_STANDARD = gnu99;
				GCC_DYNAMIC_NO_PIC = NO;
				GCC_NO_COMMON_BLOCKS = YES;
				GCC_OPTIMIZATION_LEVEL = 0;
				GCC_PREPROCESSOR_DEFINITIONS = (
					"DEBUG=1",
					"$(inherited)",
				);
				GCC_WARN_64_TO_32_BIT_CONVERSION = YES;
				GCC_WARN_ABOUT_RETURN_TYPE = YES_ERROR;
				GCC_WARN_UNDECLARED_SELECTOR = YES;
				GCC_WARN_UNINITIALIZED_AUTOS = YES_AGGRESSIVE;
				GCC_WARN_UNUSED_FUNCTION = YES;
				GCC_WARN_UNUSED_VARIABLE = YES;
				IPHONEOS_DEPLOYMENT_TARGET = 9.1;
				MTL_ENABLE_DEBUG_INFO = YES;
				ONLY_ACTIVE_ARCH = YES;
				SDKROOT = iphoneos;
				TARGETED_DEVICE_FAMILY = "1,2";
			};
			name = Debug;
		};
		3F48B37E1BF036C900D9F7D4 /* Release */ = {
			isa = XCBuildConfiguration;
			buildSettings = {
				ALWAYS_SEARCH_USER_PATHS = NO;
				CLANG_CXX_LANGUAGE_STANDARD = "gnu++0x";
				CLANG_CXX_LIBRARY = "libc++";
				CLANG_ENABLE_MODULES = YES;
				CLANG_ENABLE_OBJC_ARC = YES;
				CLANG_WARN_BOOL_CONVERSION = YES;
				CLANG_WARN_CONSTANT_CONVERSION = YES;
				CLANG_WARN_DIRECT_OBJC_ISA_USAGE = YES_ERROR;
				CLANG_WARN_EMPTY_BODY = YES;
				CLANG_WARN_ENUM_CONVERSION = YES;
				CLANG_WARN_INT_CONVERSION = YES;
				CLANG_WARN_OBJC_ROOT_CLASS = YES_ERROR;
				CLANG_WARN_UNREACHABLE_CODE = YES;
				CLANG_WARN__DUPLICATE_METHOD_MATCH = YES;
				"CODE_SIGN_IDENTITY[sdk=iphoneos*]" = "iPhone Developer";
				COPY_PHASE_STRIP = NO;
				DEBUG_INFORMATION_FORMAT = "dwarf-with-dsym";
				ENABLE_NS_ASSERTIONS = NO;
				ENABLE_STRICT_OBJC_MSGSEND = YES;
				GCC_C_LANGUAGE_STANDARD = gnu99;
				GCC_NO_COMMON_BLOCKS = YES;
				GCC_WARN_64_TO_32_BIT_CONVERSION = YES;
				GCC_WARN_ABOUT_RETURN_TYPE = YES_ERROR;
				GCC_WARN_UNDECLARED_SELECTOR = YES;
				GCC_WARN_UNINITIALIZED_AUTOS = YES_AGGRESSIVE;
				GCC_WARN_UNUSED_FUNCTION = YES;
				GCC_WARN_UNUSED_VARIABLE = YES;
				IPHONEOS_DEPLOYMENT_TARGET = 9.1;
				MTL_ENABLE_DEBUG_INFO = NO;
				SDKROOT = iphoneos;
				TARGETED_DEVICE_FAMILY = "1,2";
				VALIDATE_PRODUCT = YES;
			};
			name = Release;
		};
		3F48B3801BF036C900D9F7D4 /* Debug */ = {
			isa = XCBuildConfiguration;
			buildSettings = {
				ASSETCATALOG_COMPILER_APPICON_NAME = AppIcon;
				INFOPLIST_FILE = github/Info.plist;
				LD_RUNPATH_SEARCH_PATHS = "$(inherited) @executable_path/Frameworks";
				PRODUCT_BUNDLE_IDENTIFIER = com.lanou.github;
				PRODUCT_NAME = "$(TARGET_NAME)";
			};
			name = Debug;
		};
		3F48B3811BF036C900D9F7D4 /* Release */ = {
			isa = XCBuildConfiguration;
			buildSettings = {
				ASSETCATALOG_COMPILER_APPICON_NAME = AppIcon;
				INFOPLIST_FILE = github/Info.plist;
				LD_RUNPATH_SEARCH_PATHS = "$(inherited) @executable_path/Frameworks";
				PRODUCT_BUNDLE_IDENTIFIER = com.lanou.github;
				PRODUCT_NAME = "$(TARGET_NAME)";
			};
			name = Release;
		};
		3F48B3831BF036C900D9F7D4 /* Debug */ = {
			isa = XCBuildConfiguration;
			buildSettings = {
				BUNDLE_LOADER = "$(TEST_HOST)";
				INFOPLIST_FILE = githubTests/Info.plist;
				LD_RUNPATH_SEARCH_PATHS = "$(inherited) @executable_path/Frameworks @loader_path/Frameworks";
				PRODUCT_BUNDLE_IDENTIFIER = com.lanou.githubTests;
				PRODUCT_NAME = "$(TARGET_NAME)";
				TEST_HOST = "$(BUILT_PRODUCTS_DIR)/github.app/github";
			};
			name = Debug;
		};
		3F48B3841BF036C900D9F7D4 /* Release */ = {
			isa = XCBuildConfiguration;
			buildSettings = {
				BUNDLE_LOADER = "$(TEST_HOST)";
				INFOPLIST_FILE = githubTests/Info.plist;
				LD_RUNPATH_SEARCH_PATHS = "$(inherited) @executable_path/Frameworks @loader_path/Frameworks";
				PRODUCT_BUNDLE_IDENTIFIER = com.lanou.githubTests;
				PRODUCT_NAME = "$(TARGET_NAME)";
				TEST_HOST = "$(BUILT_PRODUCTS_DIR)/github.app/github";
			};
			name = Release;
		};
		3F48B3861BF036C900D9F7D4 /* Debug */ = {
			isa = XCBuildConfiguration;
			buildSettings = {
				INFOPLIST_FILE = githubUITests/Info.plist;
				LD_RUNPATH_SEARCH_PATHS = "$(inherited) @executable_path/Frameworks @loader_path/Frameworks";
				PRODUCT_BUNDLE_IDENTIFIER = com.lanou.githubUITests;
				PRODUCT_NAME = "$(TARGET_NAME)";
				TEST_TARGET_NAME = github;
				USES_XCTRUNNER = YES;
			};
			name = Debug;
		};
		3F48B3871BF036C900D9F7D4 /* Release */ = {
			isa = XCBuildConfiguration;
			buildSettings = {
				INFOPLIST_FILE = githubUITests/Info.plist;
				LD_RUNPATH_SEARCH_PATHS = "$(inherited) @executable_path/Frameworks @loader_path/Frameworks";
				PRODUCT_BUNDLE_IDENTIFIER = com.lanou.githubUITests;
				PRODUCT_NAME = "$(TARGET_NAME)";
				TEST_TARGET_NAME = github;
				USES_XCTRUNNER = YES;
			};
			name = Release;
		};
/* End XCBuildConfiguration section */

/* Begin XCConfigurationList section */
		3F48B34D1BF036C800D9F7D4 /* Build configuration list for PBXProject "github" */ = {
			isa = XCConfigurationList;
			buildConfigurations = (
				3F48B37D1BF036C900D9F7D4 /* Debug */,
				3F48B37E1BF036C900D9F7D4 /* Release */,
			);
			defaultConfigurationIsVisible = 0;
			defaultConfigurationName = Release;
		};
		3F48B37F1BF036C900D9F7D4 /* Build configuration list for PBXNativeTarget "github" */ = {
			isa = XCConfigurationList;
			buildConfigurations = (
				3F48B3801BF036C900D9F7D4 /* Debug */,
				3F48B3811BF036C900D9F7D4 /* Release */,
			);
			defaultConfigurationIsVisible = 0;
		};
		3F48B3821BF036C900D9F7D4 /* Build configuration list for PBXNativeTarget "githubTests" */ = {
			isa = XCConfigurationList;
			buildConfigurations = (
				3F48B3831BF036C900D9F7D4 /* Debug */,
				3F48B3841BF036C900D9F7D4 /* Release */,
			);
			defaultConfigurationIsVisible = 0;
		};
		3F48B3851BF036C900D9F7D4 /* Build configuration list for PBXNativeTarget "githubUITests" */ = {
			isa = XCConfigurationList;
			buildConfigurations = (
				3F48B3861BF036C900D9F7D4 /* Debug */,
				3F48B3871BF036C900D9F7D4 /* Release */,
			);
			defaultConfigurationIsVisible = 0;
		};
/* End XCConfigurationList section */
	};
	rootObject = 3F48B34A1BF036C800D9F7D4 /* Project object */;
}
